{
  "version": 4,
  "terraform_version": "0.12.24",
  "serial": 36,
  "lineage": "5845bc94-b60e-34c1-2e7a-9de4b24ff45b",
  "outputs": {
    "elb": {
      "value": "myapp-elb-80636713.eu-west-1.elb.amazonaws.com",
      "type": "string"
    },
    "jenkins": {
      "value": "3.249.230.244",
      "type": "string"
    },
    "myapp-repository-URL": {
      "value": "391761776243.dkr.ecr.eu-west-1.amazonaws.com/myapp",
      "type": "string"
    }
  },
  "resources": [
    {
      "mode": "data",
      "type": "template_cloudinit_config",
      "name": "cloudinit-jenkins",
      "provider": "provider.template",
      "instances": [
        {
          "schema_version": 0,
          "attributes": {
            "base64_encode": false,
            "gzip": false,
            "id": "2254791924",
            "part": [
              {
                "content": "#!/bin/bash\n\n# volume setup\nvgchange -ay\n\nDEVICE_FS=`blkid -o value -s TYPE /dev/xvdh`\nif [ \"`echo -n $DEVICE_FS`\" == \"\" ] ; then \n  # wait for the device to be attached\n  DEVICENAME=`echo \"/dev/xvdh\" | awk -F '/' '{print $3}'`\n  DEVICEEXISTS=''\n  while [[ -z $DEVICEEXISTS ]]; do\n    echo \"checking $DEVICENAME\"\n    DEVICEEXISTS=`lsblk |grep \"$DEVICENAME\" |wc -l`\n    if [[ $DEVICEEXISTS != \"1\" ]]; then\n      sleep 15\n    fi\n  done\n  pvcreate /dev/xvdh\n  vgcreate data /dev/xvdh\n  lvcreate --name volume1 -l 100%FREE data\n  mkfs.ext4 /dev/data/volume1\nfi\nmkdir -p /var/lib/jenkins\necho '/dev/data/volume1 /var/lib/jenkins ext4 defaults 0 0' \u003e\u003e /etc/fstab\nmount /var/lib/jenkins\n\n# install default-jre (needed for ubuntu 18.04)\napt-get install -y default-jre\n\n# install jenkins and docker\nwget -q -O - https://pkg.jenkins.io/debian-stable/jenkins.io.key | sudo apt-key add -\necho \"deb http://pkg.jenkins.io/debian-stable binary/\" \u003e\u003e /etc/apt/sources.list\napt-get update\napt-get install -y jenkins=2.204.1 unzip docker.io\n\n# enable docker and add perms\nusermod -G docker jenkins\nsystemctl enable docker\nservice docker start\nservice jenkins restart\n\n# install pip\nwget -q https://bootstrap.pypa.io/get-pip.py\npython get-pip.py\npython3 get-pip.py\nrm -f get-pip.py\n# install awscli\npip install awscli\n\n# install terraform\nTERRAFORM_VERSION=\"0.12.18\"\nwget -q https://releases.hashicorp.com/terraform/${TERRAFORM_VERSION}/terraform_${TERRAFORM_VERSION}_linux_amd64.zip \\\n\u0026\u0026 unzip -o terraform_${TERRAFORM_VERSION}_linux_amd64.zip -d /usr/local/bin \\\n\u0026\u0026 rm terraform_${TERRAFORM_VERSION}_linux_amd64.zip\n\n# clean up\napt-get clean\nrm terraform_0.12.18_linux_amd64.zip\n",
                "content_type": "text/x-shellscript",
                "filename": "",
                "merge_type": ""
              }
            ],
            "rendered": "Content-Type: multipart/mixed; boundary=\"MIMEBOUNDARY\"\nMIME-Version: 1.0\r\n\r\n--MIMEBOUNDARY\r\nContent-Transfer-Encoding: 7bit\r\nContent-Type: text/x-shellscript\r\nMime-Version: 1.0\r\n\r\n#!/bin/bash\n\n# volume setup\nvgchange -ay\n\nDEVICE_FS=`blkid -o value -s TYPE /dev/xvdh`\nif [ \"`echo -n $DEVICE_FS`\" == \"\" ] ; then \n  # wait for the device to be attached\n  DEVICENAME=`echo \"/dev/xvdh\" | awk -F '/' '{print $3}'`\n  DEVICEEXISTS=''\n  while [[ -z $DEVICEEXISTS ]]; do\n    echo \"checking $DEVICENAME\"\n    DEVICEEXISTS=`lsblk |grep \"$DEVICENAME\" |wc -l`\n    if [[ $DEVICEEXISTS != \"1\" ]]; then\n      sleep 15\n    fi\n  done\n  pvcreate /dev/xvdh\n  vgcreate data /dev/xvdh\n  lvcreate --name volume1 -l 100%FREE data\n  mkfs.ext4 /dev/data/volume1\nfi\nmkdir -p /var/lib/jenkins\necho '/dev/data/volume1 /var/lib/jenkins ext4 defaults 0 0' \u003e\u003e /etc/fstab\nmount /var/lib/jenkins\n\n# install default-jre (needed for ubuntu 18.04)\napt-get install -y default-jre\n\n# install jenkins and docker\nwget -q -O - https://pkg.jenkins.io/debian-stable/jenkins.io.key | sudo apt-key add -\necho \"deb http://pkg.jenkins.io/debian-stable binary/\" \u003e\u003e /etc/apt/sources.list\napt-get update\napt-get install -y jenkins=2.204.1 unzip docker.io\n\n# enable docker and add perms\nusermod -G docker jenkins\nsystemctl enable docker\nservice docker start\nservice jenkins restart\n\n# install pip\nwget -q https://bootstrap.pypa.io/get-pip.py\npython get-pip.py\npython3 get-pip.py\nrm -f get-pip.py\n# install awscli\npip install awscli\n\n# install terraform\nTERRAFORM_VERSION=\"0.12.18\"\nwget -q https://releases.hashicorp.com/terraform/${TERRAFORM_VERSION}/terraform_${TERRAFORM_VERSION}_linux_amd64.zip \\\n\u0026\u0026 unzip -o terraform_${TERRAFORM_VERSION}_linux_amd64.zip -d /usr/local/bin \\\n\u0026\u0026 rm terraform_${TERRAFORM_VERSION}_linux_amd64.zip\n\n# clean up\napt-get clean\nrm terraform_0.12.18_linux_amd64.zip\n\r\n--MIMEBOUNDARY--\r\n"
          }
        }
      ]
    },
    {
      "mode": "data",
      "type": "template_file",
      "name": "jenkins-init",
      "provider": "provider.template",
      "instances": [
        {
          "schema_version": 0,
          "attributes": {
            "filename": null,
            "id": "aac9582ef42352c46fe2f8b9040239b5ee6399261b2d3237b8e36f763e079325",
            "rendered": "#!/bin/bash\n\n# volume setup\nvgchange -ay\n\nDEVICE_FS=`blkid -o value -s TYPE /dev/xvdh`\nif [ \"`echo -n $DEVICE_FS`\" == \"\" ] ; then \n  # wait for the device to be attached\n  DEVICENAME=`echo \"/dev/xvdh\" | awk -F '/' '{print $3}'`\n  DEVICEEXISTS=''\n  while [[ -z $DEVICEEXISTS ]]; do\n    echo \"checking $DEVICENAME\"\n    DEVICEEXISTS=`lsblk |grep \"$DEVICENAME\" |wc -l`\n    if [[ $DEVICEEXISTS != \"1\" ]]; then\n      sleep 15\n    fi\n  done\n  pvcreate /dev/xvdh\n  vgcreate data /dev/xvdh\n  lvcreate --name volume1 -l 100%FREE data\n  mkfs.ext4 /dev/data/volume1\nfi\nmkdir -p /var/lib/jenkins\necho '/dev/data/volume1 /var/lib/jenkins ext4 defaults 0 0' \u003e\u003e /etc/fstab\nmount /var/lib/jenkins\n\n# install default-jre (needed for ubuntu 18.04)\napt-get install -y default-jre\n\n# install jenkins and docker\nwget -q -O - https://pkg.jenkins.io/debian-stable/jenkins.io.key | sudo apt-key add -\necho \"deb http://pkg.jenkins.io/debian-stable binary/\" \u003e\u003e /etc/apt/sources.list\napt-get update\napt-get install -y jenkins=2.204.1 unzip docker.io\n\n# enable docker and add perms\nusermod -G docker jenkins\nsystemctl enable docker\nservice docker start\nservice jenkins restart\n\n# install pip\nwget -q https://bootstrap.pypa.io/get-pip.py\npython get-pip.py\npython3 get-pip.py\nrm -f get-pip.py\n# install awscli\npip install awscli\n\n# install terraform\nTERRAFORM_VERSION=\"0.12.18\"\nwget -q https://releases.hashicorp.com/terraform/${TERRAFORM_VERSION}/terraform_${TERRAFORM_VERSION}_linux_amd64.zip \\\n\u0026\u0026 unzip -o terraform_${TERRAFORM_VERSION}_linux_amd64.zip -d /usr/local/bin \\\n\u0026\u0026 rm terraform_${TERRAFORM_VERSION}_linux_amd64.zip\n\n# clean up\napt-get clean\nrm terraform_0.12.18_linux_amd64.zip\n",
            "template": "#!/bin/bash\n\n# volume setup\nvgchange -ay\n\nDEVICE_FS=`blkid -o value -s TYPE ${DEVICE}`\nif [ \"`echo -n $DEVICE_FS`\" == \"\" ] ; then \n  # wait for the device to be attached\n  DEVICENAME=`echo \"${DEVICE}\" | awk -F '/' '{print $3}'`\n  DEVICEEXISTS=''\n  while [[ -z $DEVICEEXISTS ]]; do\n    echo \"checking $DEVICENAME\"\n    DEVICEEXISTS=`lsblk |grep \"$DEVICENAME\" |wc -l`\n    if [[ $DEVICEEXISTS != \"1\" ]]; then\n      sleep 15\n    fi\n  done\n  pvcreate ${DEVICE}\n  vgcreate data ${DEVICE}\n  lvcreate --name volume1 -l 100%FREE data\n  mkfs.ext4 /dev/data/volume1\nfi\nmkdir -p /var/lib/jenkins\necho '/dev/data/volume1 /var/lib/jenkins ext4 defaults 0 0' \u003e\u003e /etc/fstab\nmount /var/lib/jenkins\n\n# install default-jre (needed for ubuntu 18.04)\napt-get install -y default-jre\n\n# install jenkins and docker\nwget -q -O - https://pkg.jenkins.io/debian-stable/jenkins.io.key | sudo apt-key add -\necho \"deb http://pkg.jenkins.io/debian-stable binary/\" \u003e\u003e /etc/apt/sources.list\napt-get update\napt-get install -y jenkins=${JENKINS_VERSION} unzip docker.io\n\n# enable docker and add perms\nusermod -G docker jenkins\nsystemctl enable docker\nservice docker start\nservice jenkins restart\n\n# install pip\nwget -q https://bootstrap.pypa.io/get-pip.py\npython get-pip.py\npython3 get-pip.py\nrm -f get-pip.py\n# install awscli\npip install awscli\n\n# install terraform\nTERRAFORM_VERSION=\"0.12.18\"\nwget -q https://releases.hashicorp.com/terraform/$${TERRAFORM_VERSION}/terraform_$${TERRAFORM_VERSION}_linux_amd64.zip \\\n\u0026\u0026 unzip -o terraform_$${TERRAFORM_VERSION}_linux_amd64.zip -d /usr/local/bin \\\n\u0026\u0026 rm terraform_$${TERRAFORM_VERSION}_linux_amd64.zip\n\n# clean up\napt-get clean\nrm terraform_0.12.18_linux_amd64.zip\n",
            "vars": {
              "DEVICE": "/dev/xvdh",
              "JENKINS_VERSION": "2.204.1"
            }
          }
        }
      ]
    },
    {
      "mode": "data",
      "type": "template_file",
      "name": "myapp-task-definition-template",
      "provider": "provider.template",
      "instances": [
        {
          "schema_version": 0,
          "attributes": {
            "filename": null,
            "id": "8a50b512b6bd4b20dbf8e7ba24eb05ff20abf2ddd49c12ae9ee084357e4ee995",
            "rendered": "[\n  {\n    \"essential\": true,\n    \"memory\": 256,\n    \"name\": \"myapp\",\n    \"cpu\": 256,\n    \"image\": \"391761776243.dkr.ecr.eu-west-1.amazonaws.com/myapp:0\",\n    \"workingDirectory\": \"/app\",\n    \"command\": [\"npm\", \"start\"],\n    \"portMappings\": [\n        {\n            \"containerPort\": 3000,\n            \"hostPort\": 3000\n        }\n    ]\n  }\n]\n\n",
            "template": "[\n  {\n    \"essential\": true,\n    \"memory\": 256,\n    \"name\": \"myapp\",\n    \"cpu\": 256,\n    \"image\": \"${REPOSITORY_URL}:${APP_VERSION}\",\n    \"workingDirectory\": \"/app\",\n    \"command\": [\"npm\", \"start\"],\n    \"portMappings\": [\n        {\n            \"containerPort\": 3000,\n            \"hostPort\": 3000\n        }\n    ]\n  }\n]\n\n",
            "vars": {
              "APP_VERSION": "0",
              "REPOSITORY_URL": "391761776243.dkr.ecr.eu-west-1.amazonaws.com/myapp"
            }
          }
        }
      ]
    },
    {
      "mode": "managed",
      "type": "aws_autoscaling_group",
      "name": "ecs-example-autoscaling",
      "provider": "provider.aws",
      "instances": [
        {
          "schema_version": 0,
          "attributes": {
            "arn": "arn:aws:autoscaling:eu-west-1:391761776243:autoScalingGroup:fdcaef90-2374-4be2-bf49-9a07053cb203:autoScalingGroupName/ecs-example-autoscaling",
            "availability_zones": [
              "eu-west-1a",
              "eu-west-1b"
            ],
            "default_cooldown": 300,
            "desired_capacity": 1,
            "enabled_metrics": [],
            "force_delete": false,
            "health_check_grace_period": 300,
            "health_check_type": "EC2",
            "id": "ecs-example-autoscaling",
            "initial_lifecycle_hook": [],
            "launch_configuration": "ecs-launchconfig20200504100202940000000001",
            "launch_template": [],
            "load_balancers": [],
            "max_instance_lifetime": 0,
            "max_size": 1,
            "metrics_granularity": "1Minute",
            "min_elb_capacity": null,
            "min_size": 1,
            "mixed_instances_policy": [],
            "name": "ecs-example-autoscaling",
            "name_prefix": null,
            "placement_group": "",
            "protect_from_scale_in": false,
            "service_linked_role_arn": "arn:aws:iam::391761776243:role/aws-service-role/autoscaling.amazonaws.com/AWSServiceRoleForAutoScaling",
            "suspended_processes": [],
            "tag": [
              {
                "key": "Name",
                "propagate_at_launch": true,
                "value": "ecs-ec2-container"
              }
            ],
            "tags": null,
            "target_group_arns": [],
            "termination_policies": [],
            "timeouts": null,
            "vpc_zone_identifier": [
              "subnet-06ece2e9b67cb9360",
              "subnet-0e57818483c728770"
            ],
            "wait_for_capacity_timeout": "10m",
            "wait_for_elb_capacity": null
          },
          "private": "eyJlMmJmYjczMC1lY2FhLTExZTYtOGY4OC0zNDM2M2JjN2M0YzAiOnsiZGVsZXRlIjo2MDAwMDAwMDAwMDB9fQ==",
          "dependencies": [
            "aws_iam_instance_profile.ecs-ec2-role",
            "aws_iam_role.ecs-ec2-role",
            "aws_key_pair.mykeypair",
            "aws_launch_configuration.ecs-example-launchconfig",
            "aws_security_group.ecs-securitygroup",
            "aws_security_group.myapp-elb-securitygroup",
            "aws_subnet.main-public-1",
            "aws_subnet.main-public-2",
            "aws_vpc.main"
          ]
        }
      ]
    },
    {
      "mode": "managed",
      "type": "aws_ebs_volume",
      "name": "jenkins-data",
      "provider": "provider.aws",
      "instances": [
        {
          "schema_version": 0,
          "attributes": {
            "arn": "arn:aws:ec2:eu-west-1:391761776243:volume/vol-0caa41cb63dfbb91e",
            "availability_zone": "eu-west-1a",
            "encrypted": false,
            "id": "vol-0caa41cb63dfbb91e",
            "iops": 100,
            "kms_key_id": "",
            "outpost_arn": "",
            "size": 20,
            "snapshot_id": "",
            "tags": {
              "Name": "jenkins-data"
            },
            "type": "gp2"
          },
          "private": "bnVsbA=="
        }
      ]
    },
    {
      "mode": "managed",
      "type": "aws_ecr_repository",
      "name": "myapp",
      "provider": "provider.aws",
      "instances": [
        {
          "schema_version": 0,
          "attributes": {
            "arn": "arn:aws:ecr:eu-west-1:391761776243:repository/myapp",
            "id": "myapp",
            "image_scanning_configuration": [
              {
                "scan_on_push": false
              }
            ],
            "image_tag_mutability": "MUTABLE",
            "name": "myapp",
            "registry_id": "391761776243",
            "repository_url": "391761776243.dkr.ecr.eu-west-1.amazonaws.com/myapp",
            "tags": {},
            "timeouts": null
          },
          "private": "eyJlMmJmYjczMC1lY2FhLTExZTYtOGY4OC0zNDM2M2JjN2M0YzAiOnsiZGVsZXRlIjoxMjAwMDAwMDAwMDAwfX0="
        }
      ]
    },
    {
      "mode": "managed",
      "type": "aws_ecs_cluster",
      "name": "example-cluster",
      "provider": "provider.aws",
      "instances": [
        {
          "schema_version": 0,
          "attributes": {
            "arn": "arn:aws:ecs:eu-west-1:391761776243:cluster/example-cluster",
            "capacity_providers": [],
            "default_capacity_provider_strategy": [],
            "id": "arn:aws:ecs:eu-west-1:391761776243:cluster/example-cluster",
            "name": "example-cluster",
            "setting": [
              {
                "name": "containerInsights",
                "value": "disabled"
              }
            ],
            "tags": {}
          },
          "private": "bnVsbA=="
        }
      ]
    },
    {
      "mode": "managed",
      "type": "aws_ecs_service",
      "name": "myapp-service",
      "each": "list",
      "provider": "provider.aws",
      "instances": []
    },
    {
      "mode": "managed",
      "type": "aws_ecs_task_definition",
      "name": "myapp-task-definition",
      "provider": "provider.aws",
      "instances": [
        {
          "schema_version": 1,
          "attributes": {
            "arn": "arn:aws:ecs:eu-west-1:391761776243:task-definition/myapp:2",
            "container_definitions": "[{\"command\":[\"npm\",\"start\"],\"cpu\":256,\"environment\":[],\"essential\":true,\"image\":\"391761776243.dkr.ecr.eu-west-1.amazonaws.com/myapp:0\",\"memory\":256,\"mountPoints\":[],\"name\":\"myapp\",\"portMappings\":[{\"containerPort\":3000,\"hostPort\":3000,\"protocol\":\"tcp\"}],\"volumesFrom\":[],\"workingDirectory\":\"/app\"}]",
            "cpu": "",
            "execution_role_arn": "",
            "family": "myapp",
            "id": "myapp",
            "inference_accelerator": [],
            "ipc_mode": "",
            "memory": "",
            "network_mode": "",
            "pid_mode": "",
            "placement_constraints": [],
            "proxy_configuration": [],
            "requires_compatibilities": [],
            "revision": 2,
            "tags": {},
            "task_role_arn": "",
            "volume": []
          },
          "private": "eyJzY2hlbWFfdmVyc2lvbiI6IjEifQ==",
          "dependencies": [
            "aws_ecr_repository.myapp"
          ]
        }
      ]
    },
    {
      "mode": "managed",
      "type": "aws_elb",
      "name": "myapp-elb",
      "provider": "provider.aws",
      "instances": [
        {
          "schema_version": 0,
          "attributes": {
            "access_logs": [],
            "arn": "arn:aws:elasticloadbalancing:eu-west-1:391761776243:loadbalancer/myapp-elb",
            "availability_zones": [
              "eu-west-1a",
              "eu-west-1b"
            ],
            "connection_draining": true,
            "connection_draining_timeout": 400,
            "cross_zone_load_balancing": true,
            "dns_name": "myapp-elb-80636713.eu-west-1.elb.amazonaws.com",
            "health_check": [
              {
                "healthy_threshold": 3,
                "interval": 60,
                "target": "HTTP:3000/",
                "timeout": 30,
                "unhealthy_threshold": 3
              }
            ],
            "id": "myapp-elb",
            "idle_timeout": 400,
            "instances": [],
            "internal": false,
            "listener": [
              {
                "instance_port": 3000,
                "instance_protocol": "http",
                "lb_port": 80,
                "lb_protocol": "http",
                "ssl_certificate_id": ""
              }
            ],
            "name": "myapp-elb",
            "name_prefix": null,
            "security_groups": [
              "sg-00967acb6f6f7abf6"
            ],
            "source_security_group": "391761776243/myapp-elb",
            "source_security_group_id": "sg-00967acb6f6f7abf6",
            "subnets": [
              "subnet-06ece2e9b67cb9360",
              "subnet-0e57818483c728770"
            ],
            "tags": {
              "Name": "myapp-elb"
            },
            "zone_id": "Z32O12XQLNTSW2"
          },
          "private": "bnVsbA==",
          "dependencies": [
            "aws_security_group.myapp-elb-securitygroup",
            "aws_subnet.main-public-1",
            "aws_subnet.main-public-2",
            "aws_vpc.main"
          ]
        }
      ]
    },
    {
      "mode": "managed",
      "type": "aws_iam_instance_profile",
      "name": "ecs-ec2-role",
      "provider": "provider.aws",
      "instances": [
        {
          "schema_version": 0,
          "attributes": {
            "arn": "arn:aws:iam::391761776243:instance-profile/ecs-ec2-role",
            "create_date": "2020-05-04T10:01:40Z",
            "id": "ecs-ec2-role",
            "name": "ecs-ec2-role",
            "name_prefix": null,
            "path": "/",
            "role": "ecs-ec2-role",
            "roles": [
              "ecs-ec2-role"
            ],
            "unique_id": "AIPAVWNWSJZZZ4FGIXNDF"
          },
          "private": "bnVsbA==",
          "dependencies": [
            "aws_iam_role.ecs-ec2-role"
          ]
        }
      ]
    },
    {
      "mode": "managed",
      "type": "aws_iam_policy_attachment",
      "name": "ecs-service-attach1",
      "provider": "provider.aws",
      "instances": [
        {
          "schema_version": 0,
          "attributes": {
            "groups": [],
            "id": "ecs-service-attach1",
            "name": "ecs-service-attach1",
            "policy_arn": "arn:aws:iam::aws:policy/service-role/AmazonEC2ContainerServiceRole",
            "roles": [
              "ecs-service-role"
            ],
            "users": []
          },
          "private": "bnVsbA==",
          "dependencies": [
            "aws_iam_role.ecs-service-role"
          ]
        }
      ]
    },
    {
      "mode": "managed",
      "type": "aws_iam_role",
      "name": "ecs-consul-server-role",
      "provider": "provider.aws",
      "instances": [
        {
          "schema_version": 0,
          "attributes": {
            "arn": "arn:aws:iam::391761776243:role/ecs-consul-server-role",
            "assume_role_policy": "{\"Version\":\"2012-10-17\",\"Statement\":[{\"Sid\":\"\",\"Effect\":\"Allow\",\"Principal\":{\"Service\":\"ec2.amazonaws.com\"},\"Action\":\"sts:AssumeRole\"}]}",
            "create_date": "2020-05-04T10:01:36Z",
            "description": "",
            "force_detach_policies": false,
            "id": "ecs-consul-server-role",
            "max_session_duration": 3600,
            "name": "ecs-consul-server-role",
            "name_prefix": null,
            "path": "/",
            "permissions_boundary": null,
            "tags": {},
            "unique_id": "AROAVWNWSJZZ6IOQ53HS5"
          },
          "private": "bnVsbA=="
        }
      ]
    },
    {
      "mode": "managed",
      "type": "aws_iam_role",
      "name": "ecs-ec2-role",
      "provider": "provider.aws",
      "instances": [
        {
          "schema_version": 0,
          "attributes": {
            "arn": "arn:aws:iam::391761776243:role/ecs-ec2-role",
            "assume_role_policy": "{\"Version\":\"2012-10-17\",\"Statement\":[{\"Sid\":\"\",\"Effect\":\"Allow\",\"Principal\":{\"Service\":\"ec2.amazonaws.com\"},\"Action\":\"sts:AssumeRole\"}]}",
            "create_date": "2020-05-04T10:01:37Z",
            "description": "",
            "force_detach_policies": false,
            "id": "ecs-ec2-role",
            "max_session_duration": 3600,
            "name": "ecs-ec2-role",
            "name_prefix": null,
            "path": "/",
            "permissions_boundary": null,
            "tags": {},
            "unique_id": "AROAVWNWSJZZ7GW6RNSSX"
          },
          "private": "bnVsbA=="
        }
      ]
    },
    {
      "mode": "managed",
      "type": "aws_iam_role",
      "name": "ecs-service-role",
      "provider": "provider.aws",
      "instances": [
        {
          "schema_version": 0,
          "attributes": {
            "arn": "arn:aws:iam::391761776243:role/ecs-service-role",
            "assume_role_policy": "{\"Version\":\"2012-10-17\",\"Statement\":[{\"Sid\":\"\",\"Effect\":\"Allow\",\"Principal\":{\"Service\":\"ecs.amazonaws.com\"},\"Action\":\"sts:AssumeRole\"}]}",
            "create_date": "2020-05-04T10:01:36Z",
            "description": "",
            "force_detach_policies": false,
            "id": "ecs-service-role",
            "max_session_duration": 3600,
            "name": "ecs-service-role",
            "name_prefix": null,
            "path": "/",
            "permissions_boundary": null,
            "tags": {},
            "unique_id": "AROAVWNWSJZZSHS4K7FMG"
          },
          "private": "bnVsbA=="
        }
      ]
    },
    {
      "mode": "managed",
      "type": "aws_iam_role_policy",
      "name": "ecs-ec2-role-policy",
      "provider": "provider.aws",
      "instances": [
        {
          "schema_version": 0,
          "attributes": {
            "id": "ecs-ec2-role:ecs-ec2-role-policy",
            "name": "ecs-ec2-role-policy",
            "name_prefix": null,
            "policy": "{\n    \"Version\": \"2012-10-17\",\n    \"Statement\": [\n        {\n            \"Effect\": \"Allow\",\n            \"Action\": [\n              \"ecs:CreateCluster\",\n              \"ecs:DeregisterContainerInstance\",\n              \"ecs:DiscoverPollEndpoint\",\n              \"ecs:Poll\",\n              \"ecs:RegisterContainerInstance\",\n              \"ecs:StartTelemetrySession\",\n              \"ecs:Submit*\",\n              \"ecs:StartTask\",\n              \"ecr:GetAuthorizationToken\",\n              \"ecr:BatchCheckLayerAvailability\",\n              \"ecr:GetDownloadUrlForLayer\",\n              \"ecr:BatchGetImage\",\n              \"logs:CreateLogStream\",\n              \"logs:PutLogEvents\"\n            ],\n            \"Resource\": \"*\"\n        },\n        {\n            \"Effect\": \"Allow\",\n            \"Action\": [\n                \"logs:CreateLogGroup\",\n                \"logs:CreateLogStream\",\n                \"logs:PutLogEvents\",\n                \"logs:DescribeLogStreams\"\n            ],\n            \"Resource\": [\n                \"arn:aws:logs:*:*:*\"\n            ]\n        }\n    ]\n}\n",
            "role": "ecs-ec2-role"
          },
          "private": "bnVsbA==",
          "dependencies": [
            "aws_iam_role.ecs-ec2-role"
          ]
        }
      ]
    },
    {
      "mode": "managed",
      "type": "aws_instance",
      "name": "jenkins-instance",
      "provider": "provider.aws",
      "instances": [
        {
          "schema_version": 1,
          "attributes": {
            "ami": "ami-844e0bf7",
            "arn": "arn:aws:ec2:eu-west-1:391761776243:instance/i-0ea5446a900b5f189",
            "associate_public_ip_address": true,
            "availability_zone": "eu-west-1a",
            "cpu_core_count": 1,
            "cpu_threads_per_core": 1,
            "credit_specification": [
              {
                "cpu_credits": "standard"
              }
            ],
            "disable_api_termination": false,
            "ebs_block_device": [
              {
                "delete_on_termination": false,
                "device_name": "/dev/xvdh",
                "encrypted": false,
                "iops": 100,
                "kms_key_id": "",
                "snapshot_id": "",
                "volume_id": "vol-0caa41cb63dfbb91e",
                "volume_size": 20,
                "volume_type": "gp2"
              }
            ],
            "ebs_optimized": false,
            "ephemeral_block_device": [],
            "get_password_data": false,
            "hibernation": false,
            "host_id": null,
            "iam_instance_profile": "",
            "id": "i-0ea5446a900b5f189",
            "instance_initiated_shutdown_behavior": null,
            "instance_state": "running",
            "instance_type": "t2.small",
            "ipv6_address_count": 0,
            "ipv6_addresses": [],
            "key_name": "mykeypair",
            "metadata_options": [
              {
                "http_endpoint": "enabled",
                "http_put_response_hop_limit": 1,
                "http_tokens": "optional"
              }
            ],
            "monitoring": false,
            "network_interface": [],
            "network_interface_id": null,
            "outpost_arn": "",
            "password_data": "",
            "placement_group": "",
            "primary_network_interface_id": "eni-0b0d0666da5584014",
            "private_dns": "ip-10-0-1-97.eu-west-1.compute.internal",
            "private_ip": "10.0.1.97",
            "public_dns": "ec2-3-249-230-244.eu-west-1.compute.amazonaws.com",
            "public_ip": "3.249.230.244",
            "root_block_device": [
              {
                "delete_on_termination": true,
                "device_name": "/dev/sda1",
                "encrypted": false,
                "iops": 100,
                "kms_key_id": "",
                "volume_id": "vol-007b540c5c8bedd2c",
                "volume_size": 8,
                "volume_type": "gp2"
              }
            ],
            "security_groups": [],
            "source_dest_check": true,
            "subnet_id": "subnet-0e57818483c728770",
            "tags": {},
            "tenancy": "default",
            "timeouts": null,
            "user_data": "d9006692003677197afe6b035dbe11100105b029",
            "user_data_base64": null,
            "volume_tags": {
              "Name": "jenkins-data"
            },
            "vpc_security_group_ids": [
              "sg-0a2e481fa2c1a62a0"
            ]
          },
          "private": "eyJlMmJmYjczMC1lY2FhLTExZTYtOGY4OC0zNDM2M2JjN2M0YzAiOnsiY3JlYXRlIjo2MDAwMDAwMDAwMDAsImRlbGV0ZSI6MTIwMDAwMDAwMDAwMCwidXBkYXRlIjo2MDAwMDAwMDAwMDB9LCJzY2hlbWFfdmVyc2lvbiI6IjEifQ==",
          "dependencies": [
            "aws_key_pair.mykeypair",
            "aws_security_group.jenkins-securitygroup",
            "aws_subnet.main-public-1",
            "aws_vpc.main"
          ]
        }
      ]
    },
    {
      "mode": "managed",
      "type": "aws_internet_gateway",
      "name": "main-gw",
      "provider": "provider.aws",
      "instances": [
        {
          "schema_version": 0,
          "attributes": {
            "id": "igw-00eb07002207a9494",
            "owner_id": "391761776243",
            "tags": {
              "Name": "main"
            },
            "vpc_id": "vpc-0701d63d89098b4f3"
          },
          "private": "bnVsbA==",
          "dependencies": [
            "aws_vpc.main"
          ]
        }
      ]
    },
    {
      "mode": "managed",
      "type": "aws_key_pair",
      "name": "mykeypair",
      "provider": "provider.aws",
      "instances": [
        {
          "schema_version": 1,
          "attributes": {
            "fingerprint": "84:eb:7c:29:36:dd:cc:ca:16:7d:33:ff:e1:79:9a:dc",
            "id": "mykeypair",
            "key_name": "mykeypair",
            "key_name_prefix": null,
            "key_pair_id": "key-0a94cb7cb0f8cf7bf",
            "public_key": "ssh-rsa AAAAB3NzaC1yc2EAAAADAQABAAABAQDEF8wSoVdCla7w2GALuRX3u0arsD/jpp3Gvbe6UGW+hXyz6JTFevfuEgw5aYtS3huKPRNvMOyL3AN3PbeKfATgQLwyFaolwRDcrgzwwzoyoX8UcIlkBr4msJy8BgmcR4URnTZ3t/vYUC2cpE9Wa6chC4A00O52XCJmlL6/6mpe8bkJg6UuMePZA9UJWz2mi0eEgO8cDKIvRc2r/IwY4LIVEODlgWH4Y/utqj4V6gdu7DfTb6tQKnqTEM/Ks/FGUn+z0+w4IT1FsjjuCZvdeIIEUctWv81GxO+kE6i4sAqeZghWYKFJPGcq/Az4iBcFZXguIm8Ekoh038Gow7gVemUV ansari@ansari-TP450S",
            "tags": {}
          },
          "private": "eyJzY2hlbWFfdmVyc2lvbiI6IjEifQ=="
        }
      ]
    },
    {
      "mode": "managed",
      "type": "aws_launch_configuration",
      "name": "ecs-example-launchconfig",
      "provider": "provider.aws",
      "instances": [
        {
          "schema_version": 0,
          "attributes": {
            "arn": "arn:aws:autoscaling:eu-west-1:391761776243:launchConfiguration:ea81dbf4-714e-44ee-a721-da9453e86888:launchConfigurationName/ecs-launchconfig20200504100202940000000001",
            "associate_public_ip_address": false,
            "ebs_block_device": [],
            "ebs_optimized": false,
            "enable_monitoring": true,
            "ephemeral_block_device": [],
            "iam_instance_profile": "ecs-ec2-role",
            "id": "ecs-launchconfig20200504100202940000000001",
            "image_id": "ami-c8337dbb",
            "instance_type": "t2.micro",
            "key_name": "mykeypair",
            "name": "ecs-launchconfig20200504100202940000000001",
            "name_prefix": "ecs-launchconfig",
            "placement_tenancy": null,
            "root_block_device": [],
            "security_groups": [
              "sg-0d22750b6a89e3b01"
            ],
            "spot_price": "",
            "user_data": "2283a54db9f636900b49c3e2a6cd048bca08dd5b",
            "user_data_base64": null,
            "vpc_classic_link_id": "",
            "vpc_classic_link_security_groups": []
          },
          "private": "bnVsbA==",
          "dependencies": [
            "aws_iam_instance_profile.ecs-ec2-role",
            "aws_iam_role.ecs-ec2-role",
            "aws_key_pair.mykeypair",
            "aws_security_group.ecs-securitygroup",
            "aws_security_group.myapp-elb-securitygroup",
            "aws_vpc.main"
          ]
        }
      ]
    },
    {
      "mode": "managed",
      "type": "aws_route_table",
      "name": "main-public",
      "provider": "provider.aws",
      "instances": [
        {
          "schema_version": 0,
          "attributes": {
            "id": "rtb-0fa1f1ab38ad6607f",
            "owner_id": "391761776243",
            "propagating_vgws": [],
            "route": [
              {
                "cidr_block": "0.0.0.0/0",
                "egress_only_gateway_id": "",
                "gateway_id": "igw-00eb07002207a9494",
                "instance_id": "",
                "ipv6_cidr_block": "",
                "nat_gateway_id": "",
                "network_interface_id": "",
                "transit_gateway_id": "",
                "vpc_peering_connection_id": ""
              }
            ],
            "tags": {
              "Name": "main-public-1"
            },
            "vpc_id": "vpc-0701d63d89098b4f3"
          },
          "private": "bnVsbA==",
          "dependencies": [
            "aws_internet_gateway.main-gw",
            "aws_vpc.main"
          ]
        }
      ]
    },
    {
      "mode": "managed",
      "type": "aws_route_table_association",
      "name": "main-public-1-a",
      "provider": "provider.aws",
      "instances": [
        {
          "schema_version": 0,
          "attributes": {
            "gateway_id": null,
            "id": "rtbassoc-08e2e9d062b3ebe57",
            "route_table_id": "rtb-0fa1f1ab38ad6607f",
            "subnet_id": "subnet-0e57818483c728770"
          },
          "private": "bnVsbA==",
          "dependencies": [
            "aws_internet_gateway.main-gw",
            "aws_route_table.main-public",
            "aws_subnet.main-public-1",
            "aws_vpc.main"
          ]
        }
      ]
    },
    {
      "mode": "managed",
      "type": "aws_route_table_association",
      "name": "main-public-2-a",
      "provider": "provider.aws",
      "instances": [
        {
          "schema_version": 0,
          "attributes": {
            "gateway_id": null,
            "id": "rtbassoc-077ebf63dd2f1f10e",
            "route_table_id": "rtb-0fa1f1ab38ad6607f",
            "subnet_id": "subnet-06ece2e9b67cb9360"
          },
          "private": "bnVsbA==",
          "dependencies": [
            "aws_internet_gateway.main-gw",
            "aws_route_table.main-public",
            "aws_subnet.main-public-2",
            "aws_vpc.main"
          ]
        }
      ]
    },
    {
      "mode": "managed",
      "type": "aws_route_table_association",
      "name": "main-public-3-a",
      "provider": "provider.aws",
      "instances": [
        {
          "schema_version": 0,
          "attributes": {
            "gateway_id": null,
            "id": "rtbassoc-069615704441d3b5b",
            "route_table_id": "rtb-0fa1f1ab38ad6607f",
            "subnet_id": "subnet-0d7a39865047ade01"
          },
          "private": "bnVsbA==",
          "dependencies": [
            "aws_internet_gateway.main-gw",
            "aws_route_table.main-public",
            "aws_subnet.main-public-3",
            "aws_vpc.main"
          ]
        }
      ]
    },
    {
      "mode": "managed",
      "type": "aws_s3_bucket",
      "name": "terraform-state-x",
      "provider": "provider.aws",
      "instances": [
        {
          "schema_version": 0,
          "attributes": {
            "acceleration_status": "",
            "acl": "private",
            "arn": "arn:aws:s3:::terraform-state-x-a2b6219",
            "bucket": "terraform-state-x-a2b6219",
            "bucket_domain_name": "terraform-state-x-a2b6219.s3.amazonaws.com",
            "bucket_prefix": null,
            "bucket_regional_domain_name": "terraform-state-x-a2b6219.s3.eu-west-1.amazonaws.com",
            "cors_rule": [],
            "force_destroy": false,
            "grant": [],
            "hosted_zone_id": "Z1BKCTXD74EZPE",
            "id": "terraform-state-x-a2b6219",
            "lifecycle_rule": [],
            "logging": [],
            "object_lock_configuration": [],
            "policy": null,
            "region": "eu-west-1",
            "replication_configuration": [],
            "request_payer": "BucketOwner",
            "server_side_encryption_configuration": [],
            "tags": {
              "Name": "Terraform state"
            },
            "versioning": [
              {
                "enabled": false,
                "mfa_delete": false
              }
            ],
            "website": [],
            "website_domain": null,
            "website_endpoint": null
          },
          "private": "bnVsbA=="
        }
      ]
    },
    {
      "mode": "managed",
      "type": "aws_security_group",
      "name": "ecs-securitygroup",
      "provider": "provider.aws",
      "instances": [
        {
          "schema_version": 1,
          "attributes": {
            "arn": "arn:aws:ec2:eu-west-1:391761776243:security-group/sg-0d22750b6a89e3b01",
            "description": "security group for ecs",
            "egress": [
              {
                "cidr_blocks": [
                  "0.0.0.0/0"
                ],
                "description": "",
                "from_port": 0,
                "ipv6_cidr_blocks": [],
                "prefix_list_ids": [],
                "protocol": "-1",
                "security_groups": [],
                "self": false,
                "to_port": 0
              }
            ],
            "id": "sg-0d22750b6a89e3b01",
            "ingress": [
              {
                "cidr_blocks": [
                  "0.0.0.0/0"
                ],
                "description": "",
                "from_port": 22,
                "ipv6_cidr_blocks": [],
                "prefix_list_ids": [],
                "protocol": "tcp",
                "security_groups": [],
                "self": false,
                "to_port": 22
              },
              {
                "cidr_blocks": [],
                "description": "",
                "from_port": 3000,
                "ipv6_cidr_blocks": [],
                "prefix_list_ids": [],
                "protocol": "tcp",
                "security_groups": [
                  "sg-00967acb6f6f7abf6"
                ],
                "self": false,
                "to_port": 3000
              }
            ],
            "name": "ecs",
            "name_prefix": null,
            "owner_id": "391761776243",
            "revoke_rules_on_delete": false,
            "tags": {
              "Name": "ecs"
            },
            "timeouts": null,
            "vpc_id": "vpc-0701d63d89098b4f3"
          },
          "private": "eyJlMmJmYjczMC1lY2FhLTExZTYtOGY4OC0zNDM2M2JjN2M0YzAiOnsiY3JlYXRlIjo2MDAwMDAwMDAwMDAsImRlbGV0ZSI6NjAwMDAwMDAwMDAwfSwic2NoZW1hX3ZlcnNpb24iOiIxIn0=",
          "dependencies": [
            "aws_security_group.myapp-elb-securitygroup",
            "aws_vpc.main"
          ]
        }
      ]
    },
    {
      "mode": "managed",
      "type": "aws_security_group",
      "name": "jenkins-securitygroup",
      "provider": "provider.aws",
      "instances": [
        {
          "schema_version": 1,
          "attributes": {
            "arn": "arn:aws:ec2:eu-west-1:391761776243:security-group/sg-0a2e481fa2c1a62a0",
            "description": "security group that allows ssh and all egress traffic",
            "egress": [
              {
                "cidr_blocks": [
                  "0.0.0.0/0"
                ],
                "description": "",
                "from_port": 0,
                "ipv6_cidr_blocks": [],
                "prefix_list_ids": [],
                "protocol": "-1",
                "security_groups": [],
                "self": false,
                "to_port": 0
              }
            ],
            "id": "sg-0a2e481fa2c1a62a0",
            "ingress": [
              {
                "cidr_blocks": [
                  "0.0.0.0/0"
                ],
                "description": "",
                "from_port": 22,
                "ipv6_cidr_blocks": [],
                "prefix_list_ids": [],
                "protocol": "tcp",
                "security_groups": [],
                "self": false,
                "to_port": 22
              },
              {
                "cidr_blocks": [
                  "0.0.0.0/0"
                ],
                "description": "",
                "from_port": 8080,
                "ipv6_cidr_blocks": [],
                "prefix_list_ids": [],
                "protocol": "tcp",
                "security_groups": [],
                "self": false,
                "to_port": 8080
              }
            ],
            "name": "jenkins-securitygroup",
            "name_prefix": null,
            "owner_id": "391761776243",
            "revoke_rules_on_delete": false,
            "tags": {
              "Name": "jenkins-securitygroup"
            },
            "timeouts": null,
            "vpc_id": "vpc-0701d63d89098b4f3"
          },
          "private": "eyJlMmJmYjczMC1lY2FhLTExZTYtOGY4OC0zNDM2M2JjN2M0YzAiOnsiY3JlYXRlIjo2MDAwMDAwMDAwMDAsImRlbGV0ZSI6NjAwMDAwMDAwMDAwfSwic2NoZW1hX3ZlcnNpb24iOiIxIn0=",
          "dependencies": [
            "aws_vpc.main"
          ]
        }
      ]
    },
    {
      "mode": "managed",
      "type": "aws_security_group",
      "name": "myapp-elb-securitygroup",
      "provider": "provider.aws",
      "instances": [
        {
          "schema_version": 1,
          "attributes": {
            "arn": "arn:aws:ec2:eu-west-1:391761776243:security-group/sg-00967acb6f6f7abf6",
            "description": "security group for ecs",
            "egress": [
              {
                "cidr_blocks": [
                  "0.0.0.0/0"
                ],
                "description": "",
                "from_port": 0,
                "ipv6_cidr_blocks": [],
                "prefix_list_ids": [],
                "protocol": "-1",
                "security_groups": [],
                "self": false,
                "to_port": 0
              }
            ],
            "id": "sg-00967acb6f6f7abf6",
            "ingress": [
              {
                "cidr_blocks": [
                  "0.0.0.0/0"
                ],
                "description": "",
                "from_port": 80,
                "ipv6_cidr_blocks": [],
                "prefix_list_ids": [],
                "protocol": "tcp",
                "security_groups": [],
                "self": false,
                "to_port": 80
              }
            ],
            "name": "myapp-elb",
            "name_prefix": null,
            "owner_id": "391761776243",
            "revoke_rules_on_delete": false,
            "tags": {
              "Name": "myapp-elb"
            },
            "timeouts": null,
            "vpc_id": "vpc-0701d63d89098b4f3"
          },
          "private": "eyJlMmJmYjczMC1lY2FhLTExZTYtOGY4OC0zNDM2M2JjN2M0YzAiOnsiY3JlYXRlIjo2MDAwMDAwMDAwMDAsImRlbGV0ZSI6NjAwMDAwMDAwMDAwfSwic2NoZW1hX3ZlcnNpb24iOiIxIn0=",
          "dependencies": [
            "aws_vpc.main"
          ]
        }
      ]
    },
    {
      "mode": "managed",
      "type": "aws_subnet",
      "name": "main-private-1",
      "provider": "provider.aws",
      "instances": [
        {
          "schema_version": 1,
          "attributes": {
            "arn": "arn:aws:ec2:eu-west-1:391761776243:subnet/subnet-0272d039c518ae4da",
            "assign_ipv6_address_on_creation": false,
            "availability_zone": "eu-west-1a",
            "availability_zone_id": "euw1-az1",
            "cidr_block": "10.0.4.0/24",
            "id": "subnet-0272d039c518ae4da",
            "ipv6_cidr_block": "",
            "ipv6_cidr_block_association_id": "",
            "map_public_ip_on_launch": false,
            "outpost_arn": "",
            "owner_id": "391761776243",
            "tags": {
              "Name": "main-private-1"
            },
            "timeouts": null,
            "vpc_id": "vpc-0701d63d89098b4f3"
          },
          "private": "eyJlMmJmYjczMC1lY2FhLTExZTYtOGY4OC0zNDM2M2JjN2M0YzAiOnsiY3JlYXRlIjo2MDAwMDAwMDAwMDAsImRlbGV0ZSI6MTIwMDAwMDAwMDAwMH0sInNjaGVtYV92ZXJzaW9uIjoiMSJ9",
          "dependencies": [
            "aws_vpc.main"
          ]
        }
      ]
    },
    {
      "mode": "managed",
      "type": "aws_subnet",
      "name": "main-private-2",
      "provider": "provider.aws",
      "instances": [
        {
          "schema_version": 1,
          "attributes": {
            "arn": "arn:aws:ec2:eu-west-1:391761776243:subnet/subnet-018f5fa150574ccf6",
            "assign_ipv6_address_on_creation": false,
            "availability_zone": "eu-west-1b",
            "availability_zone_id": "euw1-az2",
            "cidr_block": "10.0.5.0/24",
            "id": "subnet-018f5fa150574ccf6",
            "ipv6_cidr_block": "",
            "ipv6_cidr_block_association_id": "",
            "map_public_ip_on_launch": false,
            "outpost_arn": "",
            "owner_id": "391761776243",
            "tags": {
              "Name": "main-private-2"
            },
            "timeouts": null,
            "vpc_id": "vpc-0701d63d89098b4f3"
          },
          "private": "eyJlMmJmYjczMC1lY2FhLTExZTYtOGY4OC0zNDM2M2JjN2M0YzAiOnsiY3JlYXRlIjo2MDAwMDAwMDAwMDAsImRlbGV0ZSI6MTIwMDAwMDAwMDAwMH0sInNjaGVtYV92ZXJzaW9uIjoiMSJ9",
          "dependencies": [
            "aws_vpc.main"
          ]
        }
      ]
    },
    {
      "mode": "managed",
      "type": "aws_subnet",
      "name": "main-private-3",
      "provider": "provider.aws",
      "instances": [
        {
          "schema_version": 1,
          "attributes": {
            "arn": "arn:aws:ec2:eu-west-1:391761776243:subnet/subnet-0ea25bb26274a9069",
            "assign_ipv6_address_on_creation": false,
            "availability_zone": "eu-west-1c",
            "availability_zone_id": "euw1-az3",
            "cidr_block": "10.0.6.0/24",
            "id": "subnet-0ea25bb26274a9069",
            "ipv6_cidr_block": "",
            "ipv6_cidr_block_association_id": "",
            "map_public_ip_on_launch": false,
            "outpost_arn": "",
            "owner_id": "391761776243",
            "tags": {
              "Name": "main-private-3"
            },
            "timeouts": null,
            "vpc_id": "vpc-0701d63d89098b4f3"
          },
          "private": "eyJlMmJmYjczMC1lY2FhLTExZTYtOGY4OC0zNDM2M2JjN2M0YzAiOnsiY3JlYXRlIjo2MDAwMDAwMDAwMDAsImRlbGV0ZSI6MTIwMDAwMDAwMDAwMH0sInNjaGVtYV92ZXJzaW9uIjoiMSJ9",
          "dependencies": [
            "aws_vpc.main"
          ]
        }
      ]
    },
    {
      "mode": "managed",
      "type": "aws_subnet",
      "name": "main-public-1",
      "provider": "provider.aws",
      "instances": [
        {
          "schema_version": 1,
          "attributes": {
            "arn": "arn:aws:ec2:eu-west-1:391761776243:subnet/subnet-0e57818483c728770",
            "assign_ipv6_address_on_creation": false,
            "availability_zone": "eu-west-1a",
            "availability_zone_id": "euw1-az1",
            "cidr_block": "10.0.1.0/24",
            "id": "subnet-0e57818483c728770",
            "ipv6_cidr_block": "",
            "ipv6_cidr_block_association_id": "",
            "map_public_ip_on_launch": true,
            "outpost_arn": "",
            "owner_id": "391761776243",
            "tags": {
              "Name": "main-public-1"
            },
            "timeouts": null,
            "vpc_id": "vpc-0701d63d89098b4f3"
          },
          "private": "eyJlMmJmYjczMC1lY2FhLTExZTYtOGY4OC0zNDM2M2JjN2M0YzAiOnsiY3JlYXRlIjo2MDAwMDAwMDAwMDAsImRlbGV0ZSI6MTIwMDAwMDAwMDAwMH0sInNjaGVtYV92ZXJzaW9uIjoiMSJ9",
          "dependencies": [
            "aws_vpc.main"
          ]
        }
      ]
    },
    {
      "mode": "managed",
      "type": "aws_subnet",
      "name": "main-public-2",
      "provider": "provider.aws",
      "instances": [
        {
          "schema_version": 1,
          "attributes": {
            "arn": "arn:aws:ec2:eu-west-1:391761776243:subnet/subnet-06ece2e9b67cb9360",
            "assign_ipv6_address_on_creation": false,
            "availability_zone": "eu-west-1b",
            "availability_zone_id": "euw1-az2",
            "cidr_block": "10.0.2.0/24",
            "id": "subnet-06ece2e9b67cb9360",
            "ipv6_cidr_block": "",
            "ipv6_cidr_block_association_id": "",
            "map_public_ip_on_launch": true,
            "outpost_arn": "",
            "owner_id": "391761776243",
            "tags": {
              "Name": "main-public-2"
            },
            "timeouts": null,
            "vpc_id": "vpc-0701d63d89098b4f3"
          },
          "private": "eyJlMmJmYjczMC1lY2FhLTExZTYtOGY4OC0zNDM2M2JjN2M0YzAiOnsiY3JlYXRlIjo2MDAwMDAwMDAwMDAsImRlbGV0ZSI6MTIwMDAwMDAwMDAwMH0sInNjaGVtYV92ZXJzaW9uIjoiMSJ9",
          "dependencies": [
            "aws_vpc.main"
          ]
        }
      ]
    },
    {
      "mode": "managed",
      "type": "aws_subnet",
      "name": "main-public-3",
      "provider": "provider.aws",
      "instances": [
        {
          "schema_version": 1,
          "attributes": {
            "arn": "arn:aws:ec2:eu-west-1:391761776243:subnet/subnet-0d7a39865047ade01",
            "assign_ipv6_address_on_creation": false,
            "availability_zone": "eu-west-1c",
            "availability_zone_id": "euw1-az3",
            "cidr_block": "10.0.3.0/24",
            "id": "subnet-0d7a39865047ade01",
            "ipv6_cidr_block": "",
            "ipv6_cidr_block_association_id": "",
            "map_public_ip_on_launch": true,
            "outpost_arn": "",
            "owner_id": "391761776243",
            "tags": {
              "Name": "main-public-3"
            },
            "timeouts": null,
            "vpc_id": "vpc-0701d63d89098b4f3"
          },
          "private": "eyJlMmJmYjczMC1lY2FhLTExZTYtOGY4OC0zNDM2M2JjN2M0YzAiOnsiY3JlYXRlIjo2MDAwMDAwMDAwMDAsImRlbGV0ZSI6MTIwMDAwMDAwMDAwMH0sInNjaGVtYV92ZXJzaW9uIjoiMSJ9",
          "dependencies": [
            "aws_vpc.main"
          ]
        }
      ]
    },
    {
      "mode": "managed",
      "type": "aws_volume_attachment",
      "name": "jenkins-data-attachment",
      "provider": "provider.aws",
      "instances": [
        {
          "schema_version": 0,
          "attributes": {
            "device_name": "/dev/xvdh",
            "force_detach": null,
            "id": "vai-636698279",
            "instance_id": "i-0ea5446a900b5f189",
            "skip_destroy": null,
            "volume_id": "vol-0caa41cb63dfbb91e"
          },
          "private": "bnVsbA==",
          "dependencies": [
            "aws_ebs_volume.jenkins-data",
            "aws_instance.jenkins-instance",
            "aws_key_pair.mykeypair",
            "aws_security_group.jenkins-securitygroup",
            "aws_subnet.main-public-1",
            "aws_vpc.main"
          ]
        }
      ]
    },
    {
      "mode": "managed",
      "type": "aws_vpc",
      "name": "main",
      "provider": "provider.aws",
      "instances": [
        {
          "schema_version": 1,
          "attributes": {
            "arn": "arn:aws:ec2:eu-west-1:391761776243:vpc/vpc-0701d63d89098b4f3",
            "assign_generated_ipv6_cidr_block": false,
            "cidr_block": "10.0.0.0/16",
            "default_network_acl_id": "acl-0d233a2962a820846",
            "default_route_table_id": "rtb-03f6a2a4437d27a24",
            "default_security_group_id": "sg-045189f8b7e08474d",
            "dhcp_options_id": "dopt-495b0f2f",
            "enable_classiclink": false,
            "enable_classiclink_dns_support": false,
            "enable_dns_hostnames": true,
            "enable_dns_support": true,
            "id": "vpc-0701d63d89098b4f3",
            "instance_tenancy": "default",
            "ipv6_association_id": "",
            "ipv6_cidr_block": "",
            "main_route_table_id": "rtb-03f6a2a4437d27a24",
            "owner_id": "391761776243",
            "tags": {
              "Name": "main"
            }
          },
          "private": "eyJzY2hlbWFfdmVyc2lvbiI6IjEifQ=="
        }
      ]
    }
  ]
}
