{
  "version": 4,
  "terraform_version": "0.12.24",
  "serial": 1,
  "lineage": "ef44d635-e2bf-211b-bb88-f39545185ed0",
  "outputs": {},
  "resources": [
    {
      "mode": "managed",
      "type": "aws_ebs_volume",
      "name": "example",
      "provider": "provider.aws",
      "instances": [
        {
          "schema_version": 0,
          "attributes": {
            "arn": "arn:aws:ec2:eu-west-1:391761776243:volume/vol-055f5e189bcb253df",
            "availability_zone": "eu-west-1a",
            "encrypted": false,
            "id": "vol-055f5e189bcb253df",
            "iops": 100,
            "kms_key_id": "",
            "size": 8,
            "snapshot_id": "",
            "tags": {
              "Component": "frontend",
              "Environment": "production",
              "Name": "myvolume"
            },
            "type": "gp2"
          },
          "private": "bnVsbA=="
        }
      ]
    }
  ]
}
