{
  "version": 4,
  "terraform_version": "0.12.24",
  "serial": 6,
  "lineage": "cc5613e3-1d20-7d0a-12f8-015731281bfd",
  "outputs": {
    "warning": {
      "value": "WARNING: make sure you're not using the AdministratorAccess policy for other users/groups/roles. If this is the case, don't run terraform destroy, but manually unlink the created resources",
      "type": "string"
    }
  },
  "resources": [
    {
      "mode": "managed",
      "type": "aws_iam_group",
      "name": "administrators",
      "provider": "provider.aws",
      "instances": [
        {
          "schema_version": 0,
          "attributes": {
            "arn": "arn:aws:iam::391761776243:group/administrators",
            "id": "administrators",
            "name": "administrators",
            "path": "/",
            "unique_id": "AGPAVWNWSJZZQIFA6KIQW"
          },
          "private": "bnVsbA=="
        }
      ]
    },
    {
      "mode": "managed",
      "type": "aws_iam_group_membership",
      "name": "administrators-users",
      "provider": "provider.aws",
      "instances": [
        {
          "schema_version": 0,
          "attributes": {
            "group": "administrators",
            "id": "administrators-users",
            "name": "administrators-users",
            "users": [
              "admin1",
              "admin2"
            ]
          },
          "private": "bnVsbA==",
          "dependencies": [
            "aws_iam_group.administrators",
            "aws_iam_user.admin1",
            "aws_iam_user.admin2"
          ]
        }
      ]
    },
    {
      "mode": "managed",
      "type": "aws_iam_policy_attachment",
      "name": "administrators-attach",
      "provider": "provider.aws",
      "instances": [
        {
          "schema_version": 0,
          "attributes": {
            "groups": [
              "administrators"
            ],
            "id": "administrators-attach",
            "name": "administrators-attach",
            "policy_arn": "arn:aws:iam::aws:policy/AdministratorAccess",
            "roles": null,
            "users": null
          },
          "private": "bnVsbA==",
          "dependencies": [
            "aws_iam_group.administrators"
          ]
        }
      ]
    },
    {
      "mode": "managed",
      "type": "aws_iam_user",
      "name": "admin1",
      "provider": "provider.aws",
      "instances": [
        {
          "schema_version": 0,
          "attributes": {
            "arn": "arn:aws:iam::391761776243:user/admin1",
            "force_destroy": false,
            "id": "admin1",
            "name": "admin1",
            "path": "/",
            "permissions_boundary": null,
            "tags": null,
            "unique_id": "AIDAVWNWSJZZ4Y43JBDK6"
          },
          "private": "bnVsbA=="
        }
      ]
    },
    {
      "mode": "managed",
      "type": "aws_iam_user",
      "name": "admin2",
      "provider": "provider.aws",
      "instances": [
        {
          "schema_version": 0,
          "attributes": {
            "arn": "arn:aws:iam::391761776243:user/admin2",
            "force_destroy": false,
            "id": "admin2",
            "name": "admin2",
            "path": "/",
            "permissions_boundary": null,
            "tags": null,
            "unique_id": "AIDAVWNWSJZZZJK6CW2ZZ"
          },
          "private": "bnVsbA=="
        }
      ]
    }
  ]
}
