{
  "version": 4,
  "terraform_version": "0.12.24",
  "serial": 4,
  "lineage": "1b55df69-130d-ce7f-590a-fd393ee9d779",
  "outputs": {
    "myapp-repository-URL": {
      "value": "391761776243.dkr.ecr.eu-west-1.amazonaws.com/myapp",
      "type": "string"
    }
  },
  "resources": [
    {
      "mode": "managed",
      "type": "aws_ecr_repository",
      "name": "myapp",
      "provider": "provider.aws",
      "instances": [
        {
          "schema_version": 0,
          "attributes": {
            "arn": "arn:aws:ecr:eu-west-1:391761776243:repository/myapp",
            "id": "myapp",
            "image_scanning_configuration": [
              {
                "scan_on_push": false
              }
            ],
            "image_tag_mutability": "MUTABLE",
            "name": "myapp",
            "registry_id": "391761776243",
            "repository_url": "391761776243.dkr.ecr.eu-west-1.amazonaws.com/myapp",
            "tags": null,
            "timeouts": null
          },
          "private": "eyJlMmJmYjczMC1lY2FhLTExZTYtOGY4OC0zNDM2M2JjN2M0YzAiOnsiZGVsZXRlIjoxMjAwMDAwMDAwMDAwfX0="
        }
      ]
    }
  ]
}
