{
  "version": 4,
  "terraform_version": "0.12.24",
  "serial": 17,
  "lineage": "aa65dfc3-b28c-2d02-07f4-24fd31c162aa",
  "outputs": {},
  "resources": [
    {
      "mode": "managed",
      "type": "aws_instance",
      "name": "example",
      "provider": "provider.aws",
      "instances": [
        {
          "schema_version": 1,
          "attributes": {
            "ami": "ami-068663a3c619dd892",
            "arn": "arn:aws:ec2:us-east-1:391761776243:instance/i-084adab0460ba5840",
            "associate_public_ip_address": true,
            "availability_zone": "us-east-1a",
            "cpu_core_count": 1,
            "cpu_threads_per_core": 1,
            "credit_specification": [
              {
                "cpu_credits": "standard"
              }
            ],
            "disable_api_termination": false,
            "ebs_block_device": [],
            "ebs_optimized": false,
            "ephemeral_block_device": [],
            "get_password_data": false,
            "hibernation": false,
            "host_id": null,
            "iam_instance_profile": "",
            "id": "i-084adab0460ba5840",
            "instance_initiated_shutdown_behavior": null,
            "instance_state": "running",
            "instance_type": "t2.micro",
            "ipv6_address_count": 0,
            "ipv6_addresses": [],
            "key_name": "mykey",
            "metadata_options": [
              {
                "http_endpoint": "enabled",
                "http_put_response_hop_limit": 1,
                "http_tokens": "optional"
              }
            ],
            "monitoring": false,
            "network_interface": [],
            "network_interface_id": null,
            "password_data": "",
            "placement_group": "",
            "primary_network_interface_id": "eni-00100ce7e403a0e46",
            "private_dns": "ip-172-31-86-202.ec2.internal",
            "private_ip": "172.31.86.202",
            "public_dns": "ec2-54-87-185-124.compute-1.amazonaws.com",
            "public_ip": "54.87.185.124",
            "root_block_device": [
              {
                "delete_on_termination": true,
                "device_name": "/dev/sda1",
                "encrypted": false,
                "iops": 100,
                "kms_key_id": "",
                "volume_id": "vol-0d359af46b706215a",
                "volume_size": 8,
                "volume_type": "gp2"
              }
            ],
            "security_groups": [
              "default"
            ],
            "source_dest_check": true,
            "subnet_id": "subnet-65c8c14b",
            "tags": null,
            "tenancy": "default",
            "timeouts": null,
            "user_data": null,
            "user_data_base64": null,
            "volume_tags": {},
            "vpc_security_group_ids": [
              "sg-9eeb87cb"
            ]
          },
          "private": "eyJlMmJmYjczMC1lY2FhLTExZTYtOGY4OC0zNDM2M2JjN2M0YzAiOnsiY3JlYXRlIjo2MDAwMDAwMDAwMDAsImRlbGV0ZSI6MTIwMDAwMDAwMDAwMCwidXBkYXRlIjo2MDAwMDAwMDAwMDB9LCJzY2hlbWFfdmVyc2lvbiI6IjEifQ==",
          "dependencies": [
            "aws_key_pair.mykey"
          ]
        }
      ]
    },
    {
      "mode": "managed",
      "type": "aws_key_pair",
      "name": "mykey",
      "provider": "provider.aws",
      "instances": [
        {
          "schema_version": 1,
          "attributes": {
            "fingerprint": "84:eb:7c:29:36:dd:cc:ca:16:7d:33:ff:e1:79:9a:dc",
            "id": "mykey",
            "key_name": "mykey",
            "key_name_prefix": null,
            "key_pair_id": "key-0bbb677dc06735000",
            "public_key": "ssh-rsa AAAAB3NzaC1yc2EAAAADAQABAAABAQDEF8wSoVdCla7w2GALuRX3u0arsD/jpp3Gvbe6UGW+hXyz6JTFevfuEgw5aYtS3huKPRNvMOyL3AN3PbeKfATgQLwyFaolwRDcrgzwwzoyoX8UcIlkBr4msJy8BgmcR4URnTZ3t/vYUC2cpE9Wa6chC4A00O52XCJmlL6/6mpe8bkJg6UuMePZA9UJWz2mi0eEgO8cDKIvRc2r/IwY4LIVEODlgWH4Y/utqj4V6gdu7DfTb6tQKnqTEM/Ks/FGUn+z0+w4IT1FsjjuCZvdeIIEUctWv81GxO+kE6i4sAqeZghWYKFJPGcq/Az4iBcFZXguIm8Ekoh038Gow7gVemUV ansari@ansari-TP450S",
            "tags": {}
          },
          "private": "eyJzY2hlbWFfdmVyc2lvbiI6IjEifQ=="
        }
      ]
    }
  ]
}
